
Microsoft Visual Studio Solution File, Format Version 12.00
# Visual Studio 15
VisualStudioVersion = 15.0.27130.2020
MinimumVisualStudioVersion = 10.0.40219.1
Project("{FAE04EC0-301F-11D3-BF4B-00C04F79EFBC}") = "FiringModeClient", "FiringModeClient\FiringModeClient.csproj", "{061D6651-0A40-4D04-B705-A487F3E96662}"
EndProject
Global
	GlobalSection(SolutionConfigurationPlatforms) = preSolution
		Debug|Any CPU = Debug|Any CPU
		Release|Any CPU = Release|Any CPU
	EndGlobalSection
	GlobalSection(ProjectConfigurationPlatforms) = postSolution
		{061D6651-0A40-4D04-B705-A487F3E96662}.Debug|Any CPU.ActiveCfg = Debug|Any CPU
		{061D6651-0A40-4D04-B705-A487F3E96662}.Debug|Any CPU.Build.0 = Debug|Any CPU
		{061D6651-0A40-4D04-B705-A487F3E96662}.Release|Any CPU.ActiveCfg = Release|Any CPU
		{061D6651-0A40-4D04-B705-A487F3E96662}.Release|Any CPU.Build.0 = Release|Any CPU
	EndGlobalSection
	GlobalSection(SolutionProperties) = preSolution
		HideSolutionNode = FALSE
	EndGlobalSection
	GlobalSection(ExtensibilityGlobals) = postSolution
		SolutionGuid = {9F930901-2237-427C-9758-5FF676E09AC6}
	EndGlobalSection
EndGlobal
